<?xml version="1.0" encoding="utf-8"?>
<Project ToolsVersion="4.0" xmlns="http://schemas.microsoft.com/developer/msbuild/2003">
  <ItemGroup>
    <Filter Include="源文件">
      <UniqueIdentifier>{4FC737F1-C7A5-4376-A066-2A32D752A2FF}</UniqueIdentifier>
      <Extensions>cpp;c;cc;cxx;c++;def;odl;idl;hpj;bat;asm;asmx</Extensions>
    </Filter>
    <Filter Include="头文件">
      <UniqueIdentifier>{93995380-89BD-4b04-88EB-625FBE52EBFB}</UniqueIdentifier>
      <Extensions>h;hh;hpp;hxx;h++;hm;inl;inc;ipp;xsd</Extensions>
    </Filter>
    <Filter Include="资源文件">
      <UniqueIdentifier>{67DA6AB6-F800-4c08-8B7A-83BB121AAD01}</UniqueIdentifier>
      <Extensions>rc;ico;cur;bmp;dlg;rc2;rct;bin;rgs;gif;jpg;jpeg;jpe;resx;tiff;tif;png;wav;mfcribbon-ms</Extensions>
    </Filter>
  </ItemGroup>
  <ItemGroup>
    <ClCompile Include="main.cpp">
      <Filter>源文件</Filter>
    </ClCompile>
    <ClCompile Include="50_pow.cpp">
      <Filter>源文件</Filter>
    </ClCompile>
    <ClCompile Include="169_majority.cpp">
      <Filter>源文件</Filter>
    </ClCompile>
    <ClCompile Include="122_buy_sell_stocks.cpp">
      <Filter>源文件</Filter>
    </ClCompile>
    <ClCompile Include="102_binary_tree_level_order_traversal.cpp">
      <Filter>源文件</Filter>
    </ClCompile>
    <ClCompile Include="104_maximum_depth_of_binary_tree.cpp">
      <Filter>源文件</Filter>
    </ClCompile>
    <ClCompile Include="binary_tree.cpp">
      <Filter>源文件</Filter>
    </ClCompile>
    <ClCompile Include="111_minimum_depth_of_binary_tree.cpp">
      <Filter>源文件</Filter>
    </ClCompile>
    <ClCompile Include="22_generate_parentheses.cpp">
      <Filter>源文件</Filter>
    </ClCompile>
    <ClCompile Include="51_52_n_queens.cpp">
      <Filter>源文件</Filter>
    </ClCompile>
    <ClCompile Include="367_69_sqrt.cpp">
      <Filter>源文件</Filter>
    </ClCompile>
    <ClCompile Include="36_37_sudoku.cpp">
      <Filter>源文件</Filter>
    </ClCompile>
    <ClCompile Include="208_implement_trie.cpp">
      <Filter>源文件</Filter>
    </ClCompile>
    <ClCompile Include="79_212_word_search.cpp">
      <Filter>源文件</Filter>
    </ClCompile>
    <ClCompile Include="191_number_of_1_bits.cpp">
      <Filter>源文件</Filter>
    </ClCompile>
    <ClCompile Include="70_climbing_stairs.cpp">
      <Filter>源文件</Filter>
    </ClCompile>
    <ClCompile Include="120_triangle.cpp">
      <Filter>源文件</Filter>
    </ClCompile>
    <ClCompile Include="152_maximum_product_subarray.cpp">
      <Filter>源文件</Filter>
    </ClCompile>
    <ClCompile Include="121_122_123_309_188_714_buy_and_sell_stock.cpp">
      <Filter>源文件</Filter>
    </ClCompile>
    <ClCompile Include="300_longest_increasing_sequence.cpp">
      <Filter>源文件</Filter>
    </ClCompile>
    <ClCompile Include="322_coin_change.cpp">
      <Filter>源文件</Filter>
    </ClCompile>
    <ClCompile Include="72_edit_distance.cpp">
      <Filter>源文件</Filter>
    </ClCompile>
    <ClCompile Include="200_number_of_islands.cpp">
      <Filter>源文件</Filter>
    </ClCompile>
    <ClCompile Include="547_friend_circles.cpp">
      <Filter>源文件</Filter>
    </ClCompile>
    <ClCompile Include="146_lru_cache.cpp">
      <Filter>源文件</Filter>
    </ClCompile>
  </ItemGroup>
  <ItemGroup>
    <ClInclude Include="questions.h">
      <Filter>头文件</Filter>
    </ClInclude>
    <ClInclude Include="binary_tree.h">
      <Filter>头文件</Filter>
    </ClInclude>
  </ItemGroup>
</Project>